{
  "name": "functional-light",
  "version": "1.0.0",
  "lockfileVersion": 1,
  "requires": true,
  "dependencies": {
    "rxjs": {
      "version": "5.5.3",
      "resolved": "https://registry.npmjs.org/rxjs/-/rxjs-5.5.3.tgz",
      "integrity": "sha512-VWockSz7xmDveeZ7wv8RvdipGGZ1NmL/m4jnpvN9BH4x1fW/TPoD23yXh+qDkbWSlajXVVfLIbGmyxa94Ls84w==",
      "requires": {
        "symbol-observable": "1.1.0"
      }
    },
    "symbol-observable": {
      "version": "1.1.0",
      "resolved": "https://registry.npmjs.org/symbol-observable/-/symbol-observable-1.1.0.tgz",
      "integrity": "sha512-dQoid9tqQ+uotGhuTKEY11X4xhyYePVnqGSoSm3OGKh2E8LZ6RPULp1uXTctk33IeERlrRJYoVSBglsL05F5Uw=="
    }
  }
}
